
Microsoft Visual Studio Solution File, Format Version 12.00
# Visual Studio Version 17
VisualStudioVersion = 17.3.32811.315
MinimumVisualStudioVersion = 10.0.40219.1
Project("{9A19103F-16F7-4668-BE54-9A1E7A4F7556}") = "photo-organiser", "photo-organiser.csproj", "{95ACE32E-E7A5-45EA-B58B-C38BED7E8209}"
EndProject
Global
	GlobalSection(SolutionConfigurationPlatforms) = preSolution
		Debug|Any CPU = Debug|Any CPU
		Release|Any CPU = Release|Any CPU
	EndGlobalSection
	GlobalSection(ProjectConfigurationPlatforms) = postSolution
		{95ACE32E-E7A5-45EA-B58B-C38BED7E8209}.Debug|Any CPU.ActiveCfg = Debug|Any CPU
		{95ACE32E-E7A5-45EA-B58B-C38BED7E8209}.Debug|Any CPU.Build.0 = Debug|Any CPU
		{95ACE32E-E7A5-45EA-B58B-C38BED7E8209}.Release|Any CPU.ActiveCfg = Release|Any CPU
		{95ACE32E-E7A5-45EA-B58B-C38BED7E8209}.Release|Any CPU.Build.0 = Release|Any CPU
	EndGlobalSection
	GlobalSection(SolutionProperties) = preSolution
		HideSolutionNode = FALSE
	EndGlobalSection
	GlobalSection(ExtensibilityGlobals) = postSolution
		SolutionGuid = {30C1DB9B-50BD-40CA-875D-001AA998B3C0}
	EndGlobalSection
EndGlobal
